
Microsoft Visual Studio Solution File, Format Version 12.00
# Visual Studio Version 16
VisualStudioVersion = 16.0.32228.343
MinimumVisualStudioVersion = 10.0.40219.1
Project("{FAE04EC0-301F-11D3-BF4B-00C04F79EFBC}") = "RevitAPICreateParameter", "RevitAPICreateParameter\RevitAPICreateParameter.csproj", "{207B0E0B-C71E-4C8E-8031-7CDAA80CAB60}"
EndProject
Global
	GlobalSection(SolutionConfigurationPlatforms) = preSolution
		Debug|Any CPU = Debug|Any CPU
		Release|Any CPU = Release|Any CPU
	EndGlobalSection
	GlobalSection(ProjectConfigurationPlatforms) = postSolution
		{207B0E0B-C71E-4C8E-8031-7CDAA80CAB60}.Debug|Any CPU.ActiveCfg = Debug|Any CPU
		{207B0E0B-C71E-4C8E-8031-7CDAA80CAB60}.Debug|Any CPU.Build.0 = Debug|Any CPU
		{207B0E0B-C71E-4C8E-8031-7CDAA80CAB60}.Release|Any CPU.ActiveCfg = Release|Any CPU
		{207B0E0B-C71E-4C8E-8031-7CDAA80CAB60}.Release|Any CPU.Build.0 = Release|Any CPU
	EndGlobalSection
	GlobalSection(SolutionProperties) = preSolution
		HideSolutionNode = FALSE
	EndGlobalSection
	GlobalSection(ExtensibilityGlobals) = postSolution
		SolutionGuid = {A6A730B2-1AA4-415B-8E36-A8A8991A4A29}
	EndGlobalSection
EndGlobal
